{
  "name": "phab",
  "version": "1.0.0",
  "lockfileVersion": 1,
  "requires": true,
  "dependencies": {
    "data-uri-to-buffer": {
      "version": "4.0.1",
      "resolved": "https://unpm.uberinternal.com/data-uri-to-buffer/-/data-uri-to-buffer-4.0.1.tgz",
      "integrity": "sha1-2P6ysogeak9YwuCKz9Dig04mIi4="
    },
    "fetch-blob": {
      "version": "3.2.0",
      "resolved": "https://unpm.uberinternal.com/fetch-blob/-/fetch-blob-3.2.0.tgz",
      "integrity": "sha1-8JuNS71Frcbwwgt+eH55PjCdzOk=",
      "requires": {
        "node-domexception": "^1.0.0",
        "web-streams-polyfill": "^3.0.3"
      }
    },
    "formdata-polyfill": {
      "version": "4.0.10",
      "resolved": "https://unpm.uberinternal.com/formdata-polyfill/-/formdata-polyfill-4.0.10.tgz",
      "integrity": "sha1-JIB8McnUAuACqz2McgFEzriEhCM=",
      "requires": {
        "fetch-blob": "^3.1.2"
      }
    },
    "node-domexception": {
      "version": "1.0.0",
      "resolved": "https://unpm.uberinternal.com/node-domexception/-/node-domexception-1.0.0.tgz",
      "integrity": "sha1-aIjbRqH3HAt2s/dVUBa2P+ZHZuU="
    },
    "node-fetch": {
      "version": "3.3.1",
      "resolved": "https://unpm.uberinternal.com/node-fetch/-/node-fetch-3.3.1.tgz",
      "integrity": "sha1-s+6ntUs6SAIORvT4i5xadDDSCy4=",
      "requires": {
        "data-uri-to-buffer": "^4.0.0",
        "fetch-blob": "^3.1.4",
        "formdata-polyfill": "^4.0.10"
      }
    },
    "prettier": {
      "version": "2.8.7",
      "resolved": "https://unpm.uberinternal.com/prettier/-/prettier-2.8.7.tgz",
      "integrity": "sha1-u3n8hykwhUnSj+Opj85z0sBlZFA=",
      "dev": true
    },
    "web-streams-polyfill": {
      "version": "3.2.1",
      "resolved": "https://unpm.uberinternal.com/web-streams-polyfill/-/web-streams-polyfill-3.2.1.tgz",
      "integrity": "sha1-ccJxjFK0X9Sdvu6IY0s6YM6rQqY="
    }
  }
}
